// !$*UTF8*$!
{
	archiveVersion = 1;
	classes = {
	};
	objectVersion = 50;
	objects = {

/* Begin PBXBuildFile section */
		9892C1C320C4D6940024429A /* AppDelegate.swift in Sources */ = {isa = PBXBuildFile; fileRef = 9892C1C220C4D6940024429A /* AppDelegate.swift */; };
		9892C1C820C4D6940024429A /* Main.storyboard in Resources */ = {isa = PBXBuildFile; fileRef = 9892C1C620C4D6940024429A /* Main.storyboard */; };
		9892C1CB20C4D6940024429A /* VirtualTourist.xcdatamodeld in Sources */ = {isa = PBXBuildFile; fileRef = 9892C1C920C4D6940024429A /* VirtualTourist.xcdatamodeld */; };
		9892C1CD20C4D6960024429A /* Assets.xcassets in Resources */ = {isa = PBXBuildFile; fileRef = 9892C1CC20C4D6960024429A /* Assets.xcassets */; };
		9892C1D020C4D6960024429A /* LaunchScreen.storyboard in Resources */ = {isa = PBXBuildFile; fileRef = 9892C1CE20C4D6960024429A /* LaunchScreen.storyboard */; };
		9892C1DB20C4D6960024429A /* VirtualTouristTests.swift in Sources */ = {isa = PBXBuildFile; fileRef = 9892C1DA20C4D6960024429A /* VirtualTouristTests.swift */; };
		9892C1E620C4D6960024429A /* VirtualTouristUITests.swift in Sources */ = {isa = PBXBuildFile; fileRef = 9892C1E520C4D6960024429A /* VirtualTouristUITests.swift */; };
		9892C1F720C4DAF40024429A /* MapViewController.swift in Sources */ = {isa = PBXBuildFile; fileRef = 9892C1F620C4DAF40024429A /* MapViewController.swift */; };
		9892C1F920C4DCA50024429A /* DataController.swift in Sources */ = {isa = PBXBuildFile; fileRef = 9892C1F820C4DCA50024429A /* DataController.swift */; };
		9892C1FB20C4E0230024429A /* Constants.swift in Sources */ = {isa = PBXBuildFile; fileRef = 9892C1FA20C4E0230024429A /* Constants.swift */; };
/* End PBXBuildFile section */

/* Begin PBXContainerItemProxy section */
		9892C1D720C4D6960024429A /* PBXContainerItemProxy */ = {
			isa = PBXContainerItemProxy;
			containerPortal = 9892C1B720C4D6940024429A /* Project object */;
			proxyType = 1;
			remoteGlobalIDString = 9892C1BE20C4D6940024429A;
			remoteInfo = VirtualTourist;
		};
		9892C1E220C4D6960024429A /* PBXContainerItemProxy */ = {
			isa = PBXContainerItemProxy;
			containerPortal = 9892C1B720C4D6940024429A /* Project object */;
			proxyType = 1;
			remoteGlobalIDString = 9892C1BE20C4D6940024429A;
			remoteInfo = VirtualTourist;
		};
/* End PBXContainerItemProxy section */

/* Begin PBXFileReference section */
		9892C1BF20C4D6940024429A /* VirtualTourist.app */ = {isa = PBXFileReference; explicitFileType = wrapper.application; includeInIndex = 0; path = VirtualTourist.app; sourceTree = BUILT_PRODUCTS_DIR; };
		9892C1C220C4D6940024429A /* AppDelegate.swift */ = {isa = PBXFileReference; lastKnownFileType = sourcecode.swift; path = AppDelegate.swift; sourceTree = "<group>"; };
		9892C1C720C4D6940024429A /* Base */ = {isa = PBXFileReference; lastKnownFileType = file.storyboard; name = Base; path = Base.lproj/Main.storyboard; sourceTree = "<group>"; };
		9892C1CA20C4D6940024429A /* VirtualTourist.xcdatamodel */ = {isa = PBXFileReference; lastKnownFileType = wrapper.xcdatamodel; path = VirtualTourist.xcdatamodel; sourceTree = "<group>"; };
		9892C1CC20C4D6960024429A /* Assets.xcassets */ = {isa = PBXFileReference; lastKnownFileType = folder.assetcatalog; path = Assets.xcassets; sourceTree = "<group>"; };
		9892C1CF20C4D6960024429A /* Base */ = {isa = PBXFileReference; lastKnownFileType = file.storyboard; name = Base; path = Base.lproj/LaunchScreen.storyboard; sourceTree = "<group>"; };
		9892C1D120C4D6960024429A /* Info.plist */ = {isa = PBXFileReference; lastKnownFileType = text.plist.xml; path = Info.plist; sourceTree = "<group>"; };
		9892C1D620C4D6960024429A /* VirtualTouristTests.xctest */ = {isa = PBXFileReference; explicitFileType = wrapper.cfbundle; includeInIndex = 0; path = VirtualTouristTests.xctest; sourceTree = BUILT_PRODUCTS_DIR; };
		9892C1DA20C4D6960024429A /* VirtualTouristTests.swift */ = {isa = PBXFileReference; lastKnownFileType = sourcecode.swift; path = VirtualTouristTests.swift; sourceTree = "<group>"; };
		9892C1DC20C4D6960024429A /* Info.plist */ = {isa = PBXFileReference; lastKnownFileType = text.plist.xml; path = Info.plist; sourceTree = "<group>"; };
		9892C1E120C4D6960024429A /* VirtualTouristUITests.xctest */ = {isa = PBXFileReference; explicitFileType = wrapper.cfbundle; includeInIndex = 0; path = VirtualTouristUITests.xctest; sourceTree = BUILT_PRODUCTS_DIR; };
		9892C1E520C4D6960024429A /* VirtualTouristUITests.swift */ = {isa = PBXFileReference; lastKnownFileType = sourcecode.swift; path = VirtualTouristUITests.swift; sourceTree = "<group>"; };
		9892C1E720C4D6960024429A /* Info.plist */ = {isa = PBXFileReference; lastKnownFileType = text.plist.xml; path = Info.plist; sourceTree = "<group>"; };
		9892C1F620C4DAF40024429A /* MapViewController.swift */ = {isa = PBXFileReference; lastKnownFileType = sourcecode.swift; path = MapViewController.swift; sourceTree = "<group>"; };
		9892C1F820C4DCA50024429A /* DataController.swift */ = {isa = PBXFileReference; lastKnownFileType = sourcecode.swift; path = DataController.swift; sourceTree = "<group>"; };
		9892C1FA20C4E0230024429A /* Constants.swift */ = {isa = PBXFileReference; lastKnownFileType = sourcecode.swift; path = Constants.swift; sourceTree = "<group>"; };
/* End PBXFileReference section */

/* Begin PBXFrameworksBuildPhase section */
		9892C1BC20C4D6940024429A /* Frameworks */ = {
			isa = PBXFrameworksBuildPhase;
			buildActionMask = 2147483647;
			files = (
			);
			runOnlyForDeploymentPostprocessing = 0;
		};
		9892C1D320C4D6960024429A /* Frameworks */ = {
			isa = PBXFrameworksBuildPhase;
			buildActionMask = 2147483647;
			files = (
			);
			runOnlyForDeploymentPostprocessing = 0;
		};
		9892C1DE20C4D6960024429A /* Frameworks */ = {
			isa = PBXFrameworksBuildPhase;
			buildActionMask = 2147483647;
			files = (
			);
			runOnlyForDeploymentPostprocessing = 0;
		};
/* End PBXFrameworksBuildPhase section */

/* Begin PBXGroup section */
		9892C1B620C4D6940024429A = {
			isa = PBXGroup;
			children = (
				9892C1C220C4D6940024429A /* AppDelegate.swift */,
				9892C1C120C4D6940024429A /* VirtualTourist */,
				9892C1D920C4D6960024429A /* VirtualTouristTests */,
				9892C1E420C4D6960024429A /* VirtualTouristUITests */,
				9892C1C020C4D6940024429A /* Products */,
			);
			sourceTree = "<group>";
		};
		9892C1C020C4D6940024429A /* Products */ = {
			isa = PBXGroup;
			children = (
				9892C1BF20C4D6940024429A /* VirtualTourist.app */,
				9892C1D620C4D6960024429A /* VirtualTouristTests.xctest */,
				9892C1E120C4D6960024429A /* VirtualTouristUITests.xctest */,
			);
			name = Products;
			sourceTree = "<group>";
		};
		9892C1C120C4D6940024429A /* VirtualTourist */ = {
			isa = PBXGroup;
			children = (
				9892C1F520C4D78A0024429A /* Controller */,
				9892C1F420C4D7820024429A /* View */,
				9892C1F320C4D7680024429A /* Model */,
				9892C1CC20C4D6960024429A /* Assets.xcassets */,
				9892C1CE20C4D6960024429A /* LaunchScreen.storyboard */,
				9892C1D120C4D6960024429A /* Info.plist */,
			);
			path = VirtualTourist;
			sourceTree = "<group>";
		};
		9892C1D920C4D6960024429A /* VirtualTouristTests */ = {
			isa = PBXGroup;
			children = (
				9892C1DA20C4D6960024429A /* VirtualTouristTests.swift */,
				9892C1DC20C4D6960024429A /* Info.plist */,
			);
			path = VirtualTouristTests;
			sourceTree = "<group>";
		};
		9892C1E420C4D6960024429A /* VirtualTouristUITests */ = {
			isa = PBXGroup;
			children = (
				9892C1E520C4D6960024429A /* VirtualTouristUITests.swift */,
				9892C1E720C4D6960024429A /* Info.plist */,
			);
			path = VirtualTouristUITests;
			sourceTree = "<group>";
		};
		9892C1F320C4D7680024429A /* Model */ = {
			isa = PBXGroup;
			children = (
				9892C1C920C4D6940024429A /* VirtualTourist.xcdatamodeld */,
			);
			path = Model;
			sourceTree = "<group>";
		};
		9892C1F420C4D7820024429A /* View */ = {
			isa = PBXGroup;
			children = (
				9892C1C620C4D6940024429A /* Main.storyboard */,
			);
			name = View;
			path = VirtualTourist/View;
			sourceTree = SOURCE_ROOT;
		};
		9892C1F520C4D78A0024429A /* Controller */ = {
			isa = PBXGroup;
			children = (
				9892C1F620C4DAF40024429A /* MapViewController.swift */,
				9892C1F820C4DCA50024429A /* DataController.swift */,
				9892C1FA20C4E0230024429A /* Constants.swift */,
			);
			path = Controller;
			sourceTree = "<group>";
		};
/* End PBXGroup section */

/* Begin PBXNativeTarget section */
		9892C1BE20C4D6940024429A /* VirtualTourist */ = {
			isa = PBXNativeTarget;
			buildConfigurationList = 9892C1EA20C4D6960024429A /* Build configuration list for PBXNativeTarget "VirtualTourist" */;
			buildPhases = (
				9892C1BB20C4D6940024429A /* Sources */,
				9892C1BC20C4D6940024429A /* Frameworks */,
				9892C1BD20C4D6940024429A /* Resources */,
			);
			buildRules = (
			);
			dependencies = (
			);
			name = VirtualTourist;
			productName = VirtualTourist;
			productReference = 9892C1BF20C4D6940024429A /* VirtualTourist.app */;
			productType = "com.apple.product-type.application";
		};
		9892C1D520C4D6960024429A /* VirtualTouristTests */ = {
			isa = PBXNativeTarget;
			buildConfigurationList = 9892C1ED20C4D6960024429A /* Build configuration list for PBXNativeTarget "VirtualTouristTests" */;
			buildPhases = (
				9892C1D220C4D6960024429A /* Sources */,
				9892C1D320C4D6960024429A /* Frameworks */,
				9892C1D420C4D6960024429A /* Resources */,
			);
			buildRules = (
			);
			dependencies = (
				9892C1D820C4D6960024429A /* PBXTargetDependency */,
			);
			name = VirtualTouristTests;
			productName = VirtualTouristTests;
			productReference = 9892C1D620C4D6960024429A /* VirtualTouristTests.xctest */;
			productType = "com.apple.product-type.bundle.unit-test";
		};
		9892C1E020C4D6960024429A /* VirtualTouristUITests */ = {
			isa = PBXNativeTarget;
			buildConfigurationList = 9892C1F020C4D6960024429A /* Build configuration list for PBXNativeTarget "VirtualTouristUITests" */;
			buildPhases = (
				9892C1DD20C4D6960024429A /* Sources */,
				9892C1DE20C4D6960024429A /* Frameworks */,
				9892C1DF20C4D6960024429A /* Resources */,
			);
			buildRules = (
			);
			dependencies = (
				9892C1E320C4D6960024429A /* PBXTargetDependency */,
			);
			name = VirtualTouristUITests;
			productName = VirtualTouristUITests;
			productReference = 9892C1E120C4D6960024429A /* VirtualTouristUITests.xctest */;
			productType = "com.apple.product-type.bundle.ui-testing";
		};
/* End PBXNativeTarget section */

/* Begin PBXProject section */
		9892C1B720C4D6940024429A /* Project object */ = {
			isa = PBXProject;
			attributes = {
				LastSwiftUpdateCheck = 0930;
				LastUpgradeCheck = 0930;
				ORGANIZATIONNAME = jlhoopes.com;
				TargetAttributes = {
					9892C1BE20C4D6940024429A = {
						CreatedOnToolsVersion = 9.3.1;
					};
					9892C1D520C4D6960024429A = {
						CreatedOnToolsVersion = 9.3.1;
						TestTargetID = 9892C1BE20C4D6940024429A;
					};
					9892C1E020C4D6960024429A = {
						CreatedOnToolsVersion = 9.3.1;
						TestTargetID = 9892C1BE20C4D6940024429A;
					};
				};
			};
			buildConfigurationList = 9892C1BA20C4D6940024429A /* Build configuration list for PBXProject "VirtualTourist" */;
			compatibilityVersion = "Xcode 9.3";
			developmentRegion = en;
			hasScannedForEncodings = 0;
			knownRegions = (
				en,
				Base,
			);
			mainGroup = 9892C1B620C4D6940024429A;
			productRefGroup = 9892C1C020C4D6940024429A /* Products */;
			projectDirPath = "";
			projectRoot = "";
			targets = (
				9892C1BE20C4D6940024429A /* VirtualTourist */,
				9892C1D520C4D6960024429A /* VirtualTouristTests */,
				9892C1E020C4D6960024429A /* VirtualTouristUITests */,
			);
		};
/* End PBXProject section */

/* Begin PBXResourcesBuildPhase section */
		9892C1BD20C4D6940024429A /* Resources */ = {
			isa = PBXResourcesBuildPhase;
			buildActionMask = 2147483647;
			files = (
				9892C1D020C4D6960024429A /* LaunchScreen.storyboard in Resources */,
				9892C1CD20C4D6960024429A /* Assets.xcassets in Resources */,
				9892C1C820C4D6940024429A /* Main.storyboard in Resources */,
			);
			runOnlyForDeploymentPostprocessing = 0;
		};
		9892C1D420C4D6960024429A /* Resources */ = {
			isa = PBXResourcesBuildPhase;
			buildActionMask = 2147483647;
			files = (
			);
			runOnlyForDeploymentPostprocessing = 0;
		};
		9892C1DF20C4D6960024429A /* Resources */ = {
			isa = PBXResourcesBuildPhase;
			buildActionMask = 2147483647;
			files = (
			);
			runOnlyForDeploymentPostprocessing = 0;
		};
/* End PBXResourcesBuildPhase section */

/* Begin PBXSourcesBuildPhase section */
		9892C1BB20C4D6940024429A /* Sources */ = {
			isa = PBXSourcesBuildPhase;
			buildActionMask = 2147483647;
			files = (
				9892C1FB20C4E0230024429A /* Constants.swift in Sources */,
				9892C1C320C4D6940024429A /* AppDelegate.swift in Sources */,
				9892C1F920C4DCA50024429A /* DataController.swift in Sources */,
				9892C1F720C4DAF40024429A /* MapViewController.swift in Sources */,
				9892C1CB20C4D6940024429A /* VirtualTourist.xcdatamodeld in Sources */,
			);
			runOnlyForDeploymentPostprocessing = 0;
		};
		9892C1D220C4D6960024429A /* Sources */ = {
			isa = PBXSourcesBuildPhase;
			buildActionMask = 2147483647;
			files = (
				9892C1DB20C4D6960024429A /* VirtualTouristTests.swift in Sources */,
			);
			runOnlyForDeploymentPostprocessing = 0;
		};
		9892C1DD20C4D6960024429A /* Sources */ = {
			isa = PBXSourcesBuildPhase;
			buildActionMask = 2147483647;
			files = (
				9892C1E620C4D6960024429A /* VirtualTouristUITests.swift in Sources */,
			);
			runOnlyForDeploymentPostprocessing = 0;
		};
/* End PBXSourcesBuildPhase section */

/* Begin PBXTargetDependency section */
		9892C1D820C4D6960024429A /* PBXTargetDependency */ = {
			isa = PBXTargetDependency;
			target = 9892C1BE20C4D6940024429A /* VirtualTourist */;
			targetProxy = 9892C1D720C4D6960024429A /* PBXContainerItemProxy */;
		};
		9892C1E320C4D6960024429A /* PBXTargetDependency */ = {
			isa = PBXTargetDependency;
			target = 9892C1BE20C4D6940024429A /* VirtualTourist */;
			targetProxy = 9892C1E220C4D6960024429A /* PBXContainerItemProxy */;
		};
/* End PBXTargetDependency section */

/* Begin PBXVariantGroup section */
		9892C1C620C4D6940024429A /* Main.storyboard */ = {
			isa = PBXVariantGroup;
			children = (
				9892C1C720C4D6940024429A /* Base */,
			);
			name = Main.storyboard;
			sourceTree = "<group>";
		};
		9892C1CE20C4D6960024429A /* LaunchScreen.storyboard */ = {
			isa = PBXVariantGroup;
			children = (
				9892C1CF20C4D6960024429A /* Base */,
			);
			name = LaunchScreen.storyboard;
			sourceTree = "<group>";
		};
/* End PBXVariantGroup section */

/* Begin XCBuildConfiguration section */
		9892C1E820C4D6960024429A /* Debug */ = {
			isa = XCBuildConfiguration;
			buildSettings = {
				ALWAYS_SEARCH_USER_PATHS = NO;
				CLANG_ANALYZER_NONNULL = YES;
				CLANG_ANALYZER_NUMBER_OBJECT_CONVERSION = YES_AGGRESSIVE;
				CLANG_CXX_LANGUAGE_STANDARD = "gnu++14";
				CLANG_CXX_LIBRARY = "libc++";
				CLANG_ENABLE_MODULES = YES;
				CLANG_ENABLE_OBJC_ARC = YES;
				CLANG_ENABLE_OBJC_WEAK = YES;
				CLANG_WARN_BLOCK_CAPTURE_AUTORELEASING = YES;
				CLANG_WARN_BOOL_CONVERSION = YES;
				CLANG_WARN_COMMA = YES;
				CLANG_WARN_CONSTANT_CONVERSION = YES;
				CLANG_WARN_DEPRECATED_OBJC_IMPLEMENTATIONS = YES;
				CLANG_WARN_DIRECT_OBJC_ISA_USAGE = YES_ERROR;
				CLANG_WARN_DOCUMENTATION_COMMENTS = YES;
				CLANG_WARN_EMPTY_BODY = YES;
				CLANG_WARN_ENUM_CONVERSION = YES;
				CLANG_WARN_INFINITE_RECURSION = YES;
				CLANG_WARN_INT_CONVERSION = YES;
				CLANG_WARN_NON_LITERAL_NULL_CONVERSION = YES;
				CLANG_WARN_OBJC_IMPLICIT_RETAIN_SELF = YES;
				CLANG_WARN_OBJC_LITERAL_CONVERSION = YES;
				CLANG_WARN_OBJC_ROOT_CLASS = YES_ERROR;
				CLANG_WARN_RANGE_LOOP_ANALYSIS = YES;
				CLANG_WARN_STRICT_PROTOTYPES = YES;
				CLANG_WARN_SUSPICIOUS_MOVE = YES;
				CLANG_WARN_UNGUARDED_AVAILABILITY = YES_AGGRESSIVE;
				CLANG_WARN_UNREACHABLE_CODE = YES;
				CLANG_WARN__DUPLICATE_METHOD_MATCH = YES;
				CODE_SIGN_IDENTITY = "iPhone Developer";
				COPY_PHASE_STRIP = NO;
				DEBUG_INFORMATION_FORMAT = dwarf;
				ENABLE_STRICT_OBJC_MSGSEND = YES;
				ENABLE_TESTABILITY = YES;
				GCC_C_LANGUAGE_STANDARD = gnu11;
				GCC_DYNAMIC_NO_PIC = NO;
				GCC_NO_COMMON_BLOCKS = YES;
				GCC_OPTIMIZATION_LEVEL = 0;
				GCC_PREPROCESSOR_DEFINITIONS = (
					"DEBUG=1",
					"$(inherited)",
				);
				GCC_WARN_64_TO_32_BIT_CONVERSION = YES;
				GCC_WARN_ABOUT_RETURN_TYPE = YES_ERROR;
				GCC_WARN_UNDECLARED_SELECTOR = YES;
				GCC_WARN_UNINITIALIZED_AUTOS = YES_AGGRESSIVE;
				GCC_WARN_UNUSED_FUNCTION = YES;
				GCC_WARN_UNUSED_VARIABLE = YES;
				IPHONEOS_DEPLOYMENT_TARGET = 11.3;
				MTL_ENABLE_DEBUG_INFO = YES;
				ONLY_ACTIVE_ARCH = YES;
				SDKROOT = iphoneos;
				SWIFT_ACTIVE_COMPILATION_CONDITIONS = DEBUG;
				SWIFT_OPTIMIZATION_LEVEL = "-Onone";
			};
			name = Debug;
		};
		9892C1E920C4D6960024429A /* Release */ = {
			isa = XCBuildConfiguration;
			buildSettings = {
				ALWAYS_SEARCH_USER_PATHS = NO;
				CLANG_ANALYZER_NONNULL = YES;
				CLANG_ANALYZER_NUMBER_OBJECT_CONVERSION = YES_AGGRESSIVE;
				CLANG_CXX_LANGUAGE_STANDARD = "gnu++14";
				CLANG_CXX_LIBRARY = "libc++";
				CLANG_ENABLE_MODULES = YES;
				CLANG_ENABLE_OBJC_ARC = YES;
				CLANG_ENABLE_OBJC_WEAK = YES;
				CLANG_WARN_BLOCK_CAPTURE_AUTORELEASING = YES;
				CLANG_WARN_BOOL_CONVERSION = YES;
				CLANG_WARN_COMMA = YES;
				CLANG_WARN_CONSTANT_CONVERSION = YES;
				CLANG_WARN_DEPRECATED_OBJC_IMPLEMENTATIONS = YES;
				CLANG_WARN_DIRECT_OBJC_ISA_USAGE = YES_ERROR;
				CLANG_WARN_DOCUMENTATION_COMMENTS = YES;
				CLANG_WARN_EMPTY_BODY = YES;
				CLANG_WARN_ENUM_CONVERSION = YES;
				CLANG_WARN_INFINITE_RECURSION = YES;
				CLANG_WARN_INT_CONVERSION = YES;
				CLANG_WARN_NON_LITERAL_NULL_CONVERSION = YES;
				CLANG_WARN_OBJC_IMPLICIT_RETAIN_SELF = YES;
				CLANG_WARN_OBJC_LITERAL_CONVERSION = YES;
				CLANG_WARN_OBJC_ROOT_CLASS = YES_ERROR;
				CLANG_WARN_RANGE_LOOP_ANALYSIS = YES;
				CLANG_WARN_STRICT_PROTOTYPES = YES;
				CLANG_WARN_SUSPICIOUS_MOVE = YES;
				CLANG_WARN_UNGUARDED_AVAILABILITY = YES_AGGRESSIVE;
				CLANG_WARN_UNREACHABLE_CODE = YES;
				CLANG_WARN__DUPLICATE_METHOD_MATCH = YES;
				CODE_SIGN_IDENTITY = "iPhone Developer";
				COPY_PHASE_STRIP = NO;
				DEBUG_INFORMATION_FORMAT = "dwarf-with-dsym";
				ENABLE_NS_ASSERTIONS = NO;
				ENABLE_STRICT_OBJC_MSGSEND = YES;
				GCC_C_LANGUAGE_STANDARD = gnu11;
				GCC_NO_COMMON_BLOCKS = YES;
				GCC_WARN_64_TO_32_BIT_CONVERSION = YES;
				GCC_WARN_ABOUT_RETURN_TYPE = YES_ERROR;
				GCC_WARN_UNDECLARED_SELECTOR = YES;
				GCC_WARN_UNINITIALIZED_AUTOS = YES_AGGRESSIVE;
				GCC_WARN_UNUSED_FUNCTION = YES;
				GCC_WARN_UNUSED_VARIABLE = YES;
				IPHONEOS_DEPLOYMENT_TARGET = 11.3;
				MTL_ENABLE_DEBUG_INFO = NO;
				SDKROOT = iphoneos;
				SWIFT_COMPILATION_MODE = wholemodule;
				SWIFT_OPTIMIZATION_LEVEL = "-O";
				VALIDATE_PRODUCT = YES;
			};
			name = Release;
		};
		9892C1EB20C4D6960024429A /* Debug */ = {
			isa = XCBuildConfiguration;
			buildSettings = {
				ASSETCATALOG_COMPILER_APPICON_NAME = AppIcon;
				CODE_SIGN_STYLE = Automatic;
				DEVELOPMENT_TEAM = YUC63426Y6;
				INFOPLIST_FILE = VirtualTourist/Info.plist;
				LD_RUNPATH_SEARCH_PATHS = (
					"$(inherited)",
					"@executable_path/Frameworks",
				);
				PRODUCT_BUNDLE_IDENTIFIER = jlhoopes.VirtualTourist;
				PRODUCT_NAME = "$(TARGET_NAME)";
				SWIFT_VERSION = 4.0;
				TARGETED_DEVICE_FAMILY = "1,2";
			};
			name = Debug;
		};
		9892C1EC20C4D6960024429A /* Release */ = {
			isa = XCBuildConfiguration;
			buildSettings = {
				ASSETCATALOG_COMPILER_APPICON_NAME = AppIcon;
				CODE_SIGN_STYLE = Automatic;
				DEVELOPMENT_TEAM = YUC63426Y6;
				INFOPLIST_FILE = VirtualTourist/Info.plist;
				LD_RUNPATH_SEARCH_PATHS = (
					"$(inherited)",
					"@executable_path/Frameworks",
				);
				PRODUCT_BUNDLE_IDENTIFIER = jlhoopes.VirtualTourist;
				PRODUCT_NAME = "$(TARGET_NAME)";
				SWIFT_VERSION = 4.0;
				TARGETED_DEVICE_FAMILY = "1,2";
			};
			name = Release;
		};
		9892C1EE20C4D6960024429A /* Debug */ = {
			isa = XCBuildConfiguration;
			buildSettings = {
				ALWAYS_EMBED_SWIFT_STANDARD_LIBRARIES = YES;
				BUNDLE_LOADER = "$(TEST_HOST)";
				CODE_SIGN_STYLE = Automatic;
				DEVELOPMENT_TEAM = YUC63426Y6;
				INFOPLIST_FILE = VirtualTouristTests/Info.plist;
				LD_RUNPATH_SEARCH_PATHS = (
					"$(inherited)",
					"@executable_path/Frameworks",
					"@loader_path/Frameworks",
				);
				PRODUCT_BUNDLE_IDENTIFIER = jlhoopes.VirtualTouristTests;
				PRODUCT_NAME = "$(TARGET_NAME)";
				SWIFT_VERSION = 4.0;
				TARGETED_DEVICE_FAMILY = "1,2";
				TEST_HOST = "$(BUILT_PRODUCTS_DIR)/VirtualTourist.app/VirtualTourist";
			};
			name = Debug;
		};
		9892C1EF20C4D6960024429A /* Release */ = {
			isa = XCBuildConfiguration;
			buildSettings = {
				ALWAYS_EMBED_SWIFT_STANDARD_LIBRARIES = YES;
				BUNDLE_LOADER = "$(TEST_HOST)";
				CODE_SIGN_STYLE = Automatic;
				DEVELOPMENT_TEAM = YUC63426Y6;
				INFOPLIST_FILE = VirtualTouristTests/Info.plist;
				LD_RUNPATH_SEARCH_PATHS = (
					"$(inherited)",
					"@executable_path/Frameworks",
					"@loader_path/Frameworks",
				);
				PRODUCT_BUNDLE_IDENTIFIER = jlhoopes.VirtualTouristTests;
				PRODUCT_NAME = "$(TARGET_NAME)";
				SWIFT_VERSION = 4.0;
				TARGETED_DEVICE_FAMILY = "1,2";
				TEST_HOST = "$(BUILT_PRODUCTS_DIR)/VirtualTourist.app/VirtualTourist";
			};
			name = Release;
		};
		9892C1F120C4D6960024429A /* Debug */ = {
			isa = XCBuildConfiguration;
			buildSettings = {
				ALWAYS_EMBED_SWIFT_STANDARD_LIBRARIES = YES;
				CODE_SIGN_STYLE = Automatic;
				DEVELOPMENT_TEAM = YUC63426Y6;
				INFOPLIST_FILE = VirtualTouristUITests/Info.plist;
				LD_RUNPATH_SEARCH_PATHS = (
					"$(inherited)",
					"@executable_path/Frameworks",
					"@loader_path/Frameworks",
				);
				PRODUCT_BUNDLE_IDENTIFIER = jlhoopes.VirtualTouristUITests;
				PRODUCT_NAME = "$(TARGET_NAME)";
				SWIFT_VERSION = 4.0;
				TARGETED_DEVICE_FAMILY = "1,2";
				TEST_TARGET_NAME = VirtualTourist;
			};
			name = Debug;
		};
		9892C1F220C4D6960024429A /* Release */ = {
			isa = XCBuildConfiguration;
			buildSettings = {
				ALWAYS_EMBED_SWIFT_STANDARD_LIBRARIES = YES;
				CODE_SIGN_STYLE = Automatic;
				DEVELOPMENT_TEAM = YUC63426Y6;
				INFOPLIST_FILE = VirtualTouristUITests/Info.plist;
				LD_RUNPATH_SEARCH_PATHS = (
					"$(inherited)",
					"@executable_path/Frameworks",
					"@loader_path/Frameworks",
				);
				PRODUCT_BUNDLE_IDENTIFIER = jlhoopes.VirtualTouristUITests;
				PRODUCT_NAME = "$(TARGET_NAME)";
				SWIFT_VERSION = 4.0;
				TARGETED_DEVICE_FAMILY = "1,2";
				TEST_TARGET_NAME = VirtualTourist;
			};
			name = Release;
		};
/* End XCBuildConfiguration section */

/* Begin XCConfigurationList section */
		9892C1BA20C4D6940024429A /* Build configuration list for PBXProject "VirtualTourist" */ = {
			isa = XCConfigurationList;
			buildConfigurations = (
				9892C1E820C4D6960024429A /* Debug */,
				9892C1E920C4D6960024429A /* Release */,
			);
			defaultConfigurationIsVisible = 0;
			defaultConfigurationName = Release;
		};
		9892C1EA20C4D6960024429A /* Build configuration list for PBXNativeTarget "VirtualTourist" */ = {
			isa = XCConfigurationList;
			buildConfigurations = (
				9892C1EB20C4D6960024429A /* Debug */,
				9892C1EC20C4D6960024429A /* Release */,
			);
			defaultConfigurationIsVisible = 0;
			defaultConfigurationName = Release;
		};
		9892C1ED20C4D6960024429A /* Build configuration list for PBXNativeTarget "VirtualTouristTests" */ = {
			isa = XCConfigurationList;
			buildConfigurations = (
				9892C1EE20C4D6960024429A /* Debug */,
				9892C1EF20C4D6960024429A /* Release */,
			);
			defaultConfigurationIsVisible = 0;
			defaultConfigurationName = Release;
		};
		9892C1F020C4D6960024429A /* Build configuration list for PBXNativeTarget "VirtualTouristUITests" */ = {
			isa = XCConfigurationList;
			buildConfigurations = (
				9892C1F120C4D6960024429A /* Debug */,
				9892C1F220C4D6960024429A /* Release */,
			);
			defaultConfigurationIsVisible = 0;
			defaultConfigurationName = Release;
		};
/* End XCConfigurationList section */

/* Begin XCVersionGroup section */
		9892C1C920C4D6940024429A /* VirtualTourist.xcdatamodeld */ = {
			isa = XCVersionGroup;
			children = (
				9892C1CA20C4D6940024429A /* VirtualTourist.xcdatamodel */,
			);
			currentVersion = 9892C1CA20C4D6940024429A /* VirtualTourist.xcdatamodel */;
			path = VirtualTourist.xcdatamodeld;
			sourceTree = "<group>";
			versionGroupType = wrapper.xcdatamodel;
		};
/* End XCVersionGroup section */
	};
	rootObject = 9892C1B720C4D6940024429A /* Project object */;
}
